
Microsoft Visual Studio Solution File, Format Version 12.00
# Visual Studio 14
VisualStudioVersion = 14.0.25420.1
MinimumVisualStudioVersion = 10.0.40219.1
Project("{8BC9CEB8-8B4A-11D0-8D11-00A0C91BC942}") = "CartelMania", "CartelMania\CartelMania.vcxproj", "{59344001-B2B2-4DDC-94AB-38E180BF9115}"
EndProject
Project("{2150E333-8FDC-42A3-9474-1A3956D46DE8}") = "Solution Items", "Solution Items", "{7C118432-5304-4200-95AA-B6E3BDE9459B}"
EndProject
Global
	GlobalSection(SolutionConfigurationPlatforms) = preSolution
		Debug|x64 = Debug|x64
		Debug|x86 = Debug|x86
		Release|x64 = Release|x64
		Release|x86 = Release|x86
	EndGlobalSection
	GlobalSection(ProjectConfigurationPlatforms) = postSolution
		{59344001-B2B2-4DDC-94AB-38E180BF9115}.Debug|x64.ActiveCfg = Debug|x64
		{59344001-B2B2-4DDC-94AB-38E180BF9115}.Debug|x64.Build.0 = Debug|x64
		{59344001-B2B2-4DDC-94AB-38E180BF9115}.Debug|x86.ActiveCfg = Debug|Win32
		{59344001-B2B2-4DDC-94AB-38E180BF9115}.Debug|x86.Build.0 = Debug|Win32
		{59344001-B2B2-4DDC-94AB-38E180BF9115}.Release|x64.ActiveCfg = Release|x64
		{59344001-B2B2-4DDC-94AB-38E180BF9115}.Release|x64.Build.0 = Release|x64
		{59344001-B2B2-4DDC-94AB-38E180BF9115}.Release|x86.ActiveCfg = Release|Win32
		{59344001-B2B2-4DDC-94AB-38E180BF9115}.Release|x86.Build.0 = Release|Win32
	EndGlobalSection
	GlobalSection(SolutionProperties) = preSolution
		HideSolutionNode = FALSE
	EndGlobalSection
EndGlobal
